
Microsoft Visual Studio Solution File, Format Version 12.00
# Visual Studio Version 16
VisualStudioVersion = 16.0.29230.61
MinimumVisualStudioVersion = 10.0.40219.1
Project("{9A19103F-16F7-4668-BE54-9A1E7A4F7556}") = "UnitTests", "UnitTests\UnitTests.csproj", "{A139968E-AD78-4E8C-93B8-9A5523BCAC89}"
EndProject
Project("{2150E333-8FDC-42A3-9474-1A3956D46DE8}") = "Tests", "Tests", "{B30036C4-D514-4E5B-A323-587A061772CE}"
EndProject
Project("{2150E333-8FDC-42A3-9474-1A3956D46DE8}") = "Solution Items", "Solution Items", "{CFA75BE0-5A44-45DE-8114-426A605B062B}"
	ProjectSection(SolutionItems) = preProject
		.editorconfig = .editorconfig
		Directory.Build.props = Directory.Build.props
		Directory.Build.targets = Directory.Build.targets
	EndProjectSection
EndProject
Project("{9A19103F-16F7-4668-BE54-9A1E7A4F7556}") = "AdaptMark", "AdaptMark\AdaptMark.csproj", "{42CA4935-54BE-42EA-AC19-992378C08DE6}"
EndProject
Global
	GlobalSection(SolutionConfigurationPlatforms) = preSolution
		Debug|Any CPU = Debug|Any CPU
		Debug|ARM = Debug|ARM
		Debug|ARM64 = Debug|ARM64
		Debug|x64 = Debug|x64
		Debug|x86 = Debug|x86
		Native|Any CPU = Native|Any CPU
		Native|ARM = Native|ARM
		Native|ARM64 = Native|ARM64
		Native|x64 = Native|x64
		Native|x86 = Native|x86
		Release|Any CPU = Release|Any CPU
		Release|ARM = Release|ARM
		Release|ARM64 = Release|ARM64
		Release|x64 = Release|x64
		Release|x86 = Release|x86
	EndGlobalSection
	GlobalSection(ProjectConfigurationPlatforms) = postSolution
		{A139968E-AD78-4E8C-93B8-9A5523BCAC89}.Debug|Any CPU.ActiveCfg = Debug|Any CPU
		{A139968E-AD78-4E8C-93B8-9A5523BCAC89}.Debug|Any CPU.Build.0 = Debug|Any CPU
		{A139968E-AD78-4E8C-93B8-9A5523BCAC89}.Debug|ARM.ActiveCfg = Debug|Any CPU
		{A139968E-AD78-4E8C-93B8-9A5523BCAC89}.Debug|ARM.Build.0 = Debug|Any CPU
		{A139968E-AD78-4E8C-93B8-9A5523BCAC89}.Debug|ARM64.ActiveCfg = Debug|Any CPU
		{A139968E-AD78-4E8C-93B8-9A5523BCAC89}.Debug|ARM64.Build.0 = Debug|Any CPU
		{A139968E-AD78-4E8C-93B8-9A5523BCAC89}.Debug|x64.ActiveCfg = Debug|Any CPU
		{A139968E-AD78-4E8C-93B8-9A5523BCAC89}.Debug|x64.Build.0 = Debug|Any CPU
		{A139968E-AD78-4E8C-93B8-9A5523BCAC89}.Debug|x86.ActiveCfg = Debug|Any CPU
		{A139968E-AD78-4E8C-93B8-9A5523BCAC89}.Debug|x86.Build.0 = Debug|Any CPU
		{A139968E-AD78-4E8C-93B8-9A5523BCAC89}.Native|Any CPU.ActiveCfg = Debug|Any CPU
		{A139968E-AD78-4E8C-93B8-9A5523BCAC89}.Native|Any CPU.Build.0 = Debug|Any CPU
		{A139968E-AD78-4E8C-93B8-9A5523BCAC89}.Native|ARM.ActiveCfg = Debug|Any CPU
		{A139968E-AD78-4E8C-93B8-9A5523BCAC89}.Native|ARM.Build.0 = Debug|Any CPU
		{A139968E-AD78-4E8C-93B8-9A5523BCAC89}.Native|ARM64.ActiveCfg = Debug|Any CPU
		{A139968E-AD78-4E8C-93B8-9A5523BCAC89}.Native|ARM64.Build.0 = Debug|Any CPU
		{A139968E-AD78-4E8C-93B8-9A5523BCAC89}.Native|x64.ActiveCfg = Debug|Any CPU
		{A139968E-AD78-4E8C-93B8-9A5523BCAC89}.Native|x64.Build.0 = Debug|Any CPU
		{A139968E-AD78-4E8C-93B8-9A5523BCAC89}.Native|x86.ActiveCfg = Debug|Any CPU
		{A139968E-AD78-4E8C-93B8-9A5523BCAC89}.Native|x86.Build.0 = Debug|Any CPU
		{A139968E-AD78-4E8C-93B8-9A5523BCAC89}.Release|Any CPU.ActiveCfg = Release|Any CPU
		{A139968E-AD78-4E8C-93B8-9A5523BCAC89}.Release|Any CPU.Build.0 = Release|Any CPU
		{A139968E-AD78-4E8C-93B8-9A5523BCAC89}.Release|ARM.ActiveCfg = Release|Any CPU
		{A139968E-AD78-4E8C-93B8-9A5523BCAC89}.Release|ARM.Build.0 = Release|Any CPU
		{A139968E-AD78-4E8C-93B8-9A5523BCAC89}.Release|ARM64.ActiveCfg = Release|Any CPU
		{A139968E-AD78-4E8C-93B8-9A5523BCAC89}.Release|ARM64.Build.0 = Release|Any CPU
		{A139968E-AD78-4E8C-93B8-9A5523BCAC89}.Release|x64.ActiveCfg = Release|Any CPU
		{A139968E-AD78-4E8C-93B8-9A5523BCAC89}.Release|x64.Build.0 = Release|Any CPU
		{A139968E-AD78-4E8C-93B8-9A5523BCAC89}.Release|x86.ActiveCfg = Release|Any CPU
		{A139968E-AD78-4E8C-93B8-9A5523BCAC89}.Release|x86.Build.0 = Release|Any CPU
		{42CA4935-54BE-42EA-AC19-992378C08DE6}.Debug|Any CPU.ActiveCfg = Debug|Any CPU
		{42CA4935-54BE-42EA-AC19-992378C08DE6}.Debug|Any CPU.Build.0 = Debug|Any CPU
		{42CA4935-54BE-42EA-AC19-992378C08DE6}.Debug|ARM.ActiveCfg = Debug|Any CPU
		{42CA4935-54BE-42EA-AC19-992378C08DE6}.Debug|ARM.Build.0 = Debug|Any CPU
		{42CA4935-54BE-42EA-AC19-992378C08DE6}.Debug|ARM64.ActiveCfg = Debug|Any CPU
		{42CA4935-54BE-42EA-AC19-992378C08DE6}.Debug|ARM64.Build.0 = Debug|Any CPU
		{42CA4935-54BE-42EA-AC19-992378C08DE6}.Debug|x64.ActiveCfg = Debug|Any CPU
		{42CA4935-54BE-42EA-AC19-992378C08DE6}.Debug|x64.Build.0 = Debug|Any CPU
		{42CA4935-54BE-42EA-AC19-992378C08DE6}.Debug|x86.ActiveCfg = Debug|Any CPU
		{42CA4935-54BE-42EA-AC19-992378C08DE6}.Debug|x86.Build.0 = Debug|Any CPU
		{42CA4935-54BE-42EA-AC19-992378C08DE6}.Native|Any CPU.ActiveCfg = Release|Any CPU
		{42CA4935-54BE-42EA-AC19-992378C08DE6}.Native|ARM.ActiveCfg = Release|Any CPU
		{42CA4935-54BE-42EA-AC19-992378C08DE6}.Native|ARM64.ActiveCfg = Release|Any CPU
		{42CA4935-54BE-42EA-AC19-992378C08DE6}.Native|x64.ActiveCfg = Release|Any CPU
		{42CA4935-54BE-42EA-AC19-992378C08DE6}.Native|x86.ActiveCfg = Release|Any CPU
		{42CA4935-54BE-42EA-AC19-992378C08DE6}.Release|Any CPU.ActiveCfg = Release|Any CPU
		{42CA4935-54BE-42EA-AC19-992378C08DE6}.Release|Any CPU.Build.0 = Release|Any CPU
		{42CA4935-54BE-42EA-AC19-992378C08DE6}.Release|ARM.ActiveCfg = Release|Any CPU
		{42CA4935-54BE-42EA-AC19-992378C08DE6}.Release|ARM.Build.0 = Release|Any CPU
		{42CA4935-54BE-42EA-AC19-992378C08DE6}.Release|ARM64.ActiveCfg = Release|Any CPU
		{42CA4935-54BE-42EA-AC19-992378C08DE6}.Release|ARM64.Build.0 = Release|Any CPU
		{42CA4935-54BE-42EA-AC19-992378C08DE6}.Release|x64.ActiveCfg = Release|Any CPU
		{42CA4935-54BE-42EA-AC19-992378C08DE6}.Release|x64.Build.0 = Release|Any CPU
		{42CA4935-54BE-42EA-AC19-992378C08DE6}.Release|x86.ActiveCfg = Release|Any CPU
		{42CA4935-54BE-42EA-AC19-992378C08DE6}.Release|x86.Build.0 = Release|Any CPU
	EndGlobalSection
	GlobalSection(SolutionProperties) = preSolution
		HideSolutionNode = FALSE
	EndGlobalSection
	GlobalSection(NestedProjects) = preSolution
		{A139968E-AD78-4E8C-93B8-9A5523BCAC89} = {B30036C4-D514-4E5B-A323-587A061772CE}
	EndGlobalSection
	GlobalSection(ExtensibilityGlobals) = postSolution
		SolutionGuid = {5403B0C4-F244-4F73-A35C-FE664D0F4345}
	EndGlobalSection
EndGlobal
